
Microsoft Visual Studio Solution File, Format Version 12.00
# Visual Studio 2015
Project("{FAE04EC0-301F-11D3-BF4B-00C04F79EFBC}") = "Hack_Mt_MIDI.CSharp", "Hack_Mt_MIDI.CSharp.csproj", "{959CCA4A-25A7-01F4-995E-3FCEA5D5AD71}"
EndProject
Project("{FAE04EC0-301F-11D3-BF4B-00C04F79EFBC}") = "Hack_Mt_MIDI.CSharp.Editor", "Hack_Mt_MIDI.CSharp.Editor.csproj", "{75F977E9-5516-2C95-2930-4AE7D2A7F6E9}"
EndProject
Global
	GlobalSection(SolutionConfigurationPlatforms) = preSolution
		Debug|Any CPU = Debug|Any CPU
		Release|Any CPU = Release|Any CPU
	EndGlobalSection
	GlobalSection(ProjectConfigurationPlatforms) = postSolution
		{959CCA4A-25A7-01F4-995E-3FCEA5D5AD71}.Debug|Any CPU.ActiveCfg = Debug|Any CPU
		{959CCA4A-25A7-01F4-995E-3FCEA5D5AD71}.Debug|Any CPU.Build.0 = Debug|Any CPU
		{959CCA4A-25A7-01F4-995E-3FCEA5D5AD71}.Release|Any CPU.ActiveCfg = Release|Any CPU
		{959CCA4A-25A7-01F4-995E-3FCEA5D5AD71}.Release|Any CPU.Build.0 = Release|Any CPU
		{75F977E9-5516-2C95-2930-4AE7D2A7F6E9}.Debug|Any CPU.ActiveCfg = Debug|Any CPU
		{75F977E9-5516-2C95-2930-4AE7D2A7F6E9}.Debug|Any CPU.Build.0 = Debug|Any CPU
		{75F977E9-5516-2C95-2930-4AE7D2A7F6E9}.Release|Any CPU.ActiveCfg = Release|Any CPU
		{75F977E9-5516-2C95-2930-4AE7D2A7F6E9}.Release|Any CPU.Build.0 = Release|Any CPU
	EndGlobalSection
	GlobalSection(SolutionProperties) = preSolution
		HideSolutionNode = FALSE
	EndGlobalSection
EndGlobal
